
Microsoft Visual Studio Solution File, Format Version 12.00
# Visual Studio Version 17
VisualStudioVersion = 17.8.34316.72
MinimumVisualStudioVersion = 10.0.40219.1
Project("{9A19103F-16F7-4668-BE54-9A1E7A4F7556}") = "Automotores", "Automotores.csproj", "{8BDF3872-4AA3-4DF3-BF2A-8C7B8719647C}"
EndProject
Global
	GlobalSection(SolutionConfigurationPlatforms) = preSolution
		Debug|Any CPU = Debug|Any CPU
		Release|Any CPU = Release|Any CPU
	EndGlobalSection
	GlobalSection(ProjectConfigurationPlatforms) = postSolution
		{8BDF3872-4AA3-4DF3-BF2A-8C7B8719647C}.Debug|Any CPU.ActiveCfg = Debug|Any CPU
		{8BDF3872-4AA3-4DF3-BF2A-8C7B8719647C}.Debug|Any CPU.Build.0 = Debug|Any CPU
		{8BDF3872-4AA3-4DF3-BF2A-8C7B8719647C}.Release|Any CPU.ActiveCfg = Release|Any CPU
		{8BDF3872-4AA3-4DF3-BF2A-8C7B8719647C}.Release|Any CPU.Build.0 = Release|Any CPU
	EndGlobalSection
	GlobalSection(SolutionProperties) = preSolution
		HideSolutionNode = FALSE
	EndGlobalSection
	GlobalSection(ExtensibilityGlobals) = postSolution
		SolutionGuid = {0213AFEF-7EB2-418D-9F4F-0146554C9462}
	EndGlobalSection
EndGlobal
